
Microsoft Visual Studio Solution File, Format Version 12.00
# Visual Studio Version 16
VisualStudioVersion = 16.0.32510.428
MinimumVisualStudioVersion = 10.0.40219.1
Project("{FAE04EC0-301F-11D3-BF4B-00C04F79EFBC}") = "CoreWebAPI", "CoreWebAPI\CoreWebAPI.csproj", "{EE2B9151-0EC1-4CCB-9D3D-80705362C313}"
EndProject
Global
	GlobalSection(SolutionConfigurationPlatforms) = preSolution
		Debug|Any CPU = Debug|Any CPU
		Release|Any CPU = Release|Any CPU
	EndGlobalSection
	GlobalSection(ProjectConfigurationPlatforms) = postSolution
		{EE2B9151-0EC1-4CCB-9D3D-80705362C313}.Debug|Any CPU.ActiveCfg = Debug|Any CPU
		{EE2B9151-0EC1-4CCB-9D3D-80705362C313}.Debug|Any CPU.Build.0 = Debug|Any CPU
		{EE2B9151-0EC1-4CCB-9D3D-80705362C313}.Release|Any CPU.ActiveCfg = Release|Any CPU
		{EE2B9151-0EC1-4CCB-9D3D-80705362C313}.Release|Any CPU.Build.0 = Release|Any CPU
	EndGlobalSection
	GlobalSection(SolutionProperties) = preSolution
		HideSolutionNode = FALSE
	EndGlobalSection
	GlobalSection(ExtensibilityGlobals) = postSolution
		SolutionGuid = {CA406067-38F3-4669-A1A5-3B0CE81D8A2D}
	EndGlobalSection
EndGlobal
